
Microsoft Visual Studio Solution File, Format Version 11.00
# Visual Studio 2010
Project("{FAE04EC0-301F-11D3-BF4B-00C04F79EFBC}") = "Assembly-CSharp", "Assembly-CSharp.csproj", "{3950BAD7-5979-9735-1052-D9E44BB83E2A}"
EndProject
Project("{FAE04EC0-301F-11D3-BF4B-00C04F79EFBC}") = "Assembly-CSharp-firstpass", "Assembly-CSharp-firstpass.csproj", "{72E7D057-B67D-7F95-DE53-C8E4A02CA5FA}"
EndProject
Project("{FAE04EC0-301F-11D3-BF4B-00C04F79EFBC}") = "Assembly-CSharp-Editor-firstpass", "Assembly-CSharp-Editor-firstpass.csproj", "{D777CC1E-889F-4A59-369B-A4B5224DA154}"
EndProject
Global
	GlobalSection(SolutionConfigurationPlatforms) = preSolution
		Debug|Any CPU = Debug|Any CPU
		Release|Any CPU = Release|Any CPU
	EndGlobalSection
	GlobalSection(ProjectConfigurationPlatforms) = postSolution
		{3950BAD7-5979-9735-1052-D9E44BB83E2A}.Debug|Any CPU.ActiveCfg = Debug|Any CPU
		{3950BAD7-5979-9735-1052-D9E44BB83E2A}.Debug|Any CPU.Build.0 = Debug|Any CPU
		{3950BAD7-5979-9735-1052-D9E44BB83E2A}.Release|Any CPU.ActiveCfg = Release|Any CPU
		{3950BAD7-5979-9735-1052-D9E44BB83E2A}.Release|Any CPU.Build.0 = Release|Any CPU
		{72E7D057-B67D-7F95-DE53-C8E4A02CA5FA}.Debug|Any CPU.ActiveCfg = Debug|Any CPU
		{72E7D057-B67D-7F95-DE53-C8E4A02CA5FA}.Debug|Any CPU.Build.0 = Debug|Any CPU
		{72E7D057-B67D-7F95-DE53-C8E4A02CA5FA}.Release|Any CPU.ActiveCfg = Release|Any CPU
		{72E7D057-B67D-7F95-DE53-C8E4A02CA5FA}.Release|Any CPU.Build.0 = Release|Any CPU
		{D777CC1E-889F-4A59-369B-A4B5224DA154}.Debug|Any CPU.ActiveCfg = Debug|Any CPU
		{D777CC1E-889F-4A59-369B-A4B5224DA154}.Debug|Any CPU.Build.0 = Debug|Any CPU
		{D777CC1E-889F-4A59-369B-A4B5224DA154}.Release|Any CPU.ActiveCfg = Release|Any CPU
		{D777CC1E-889F-4A59-369B-A4B5224DA154}.Release|Any CPU.Build.0 = Release|Any CPU
	EndGlobalSection
	GlobalSection(SolutionProperties) = preSolution
		HideSolutionNode = FALSE
	EndGlobalSection
	GlobalSection(MonoDevelopProperties) = preSolution
		StartupItem = Assembly-CSharp.csproj
	EndGlobalSection
EndGlobal
